
Microsoft Visual Studio Solution File, Format Version 12.00
# Visual Studio 2012
Project("{FAE04EC0-301F-11D3-BF4B-00C04F79EFBC}") = "LogViewHelper", "LogViewHelper\LogViewHelper.csproj", "{6A68334B-3EBA-4855-B13B-C8B819063DDF}"
EndProject
Global
	GlobalSection(SubversionScc) = preSolution
		Svn-Managed = True
		Manager = AnkhSVN - Subversion Support for Visual Studio
	EndGlobalSection
	GlobalSection(SolutionConfigurationPlatforms) = preSolution
		Debug|Any CPU = Debug|Any CPU
		Release|Any CPU = Release|Any CPU
	EndGlobalSection
	GlobalSection(ProjectConfigurationPlatforms) = postSolution
		{6A68334B-3EBA-4855-B13B-C8B819063DDF}.Debug|Any CPU.ActiveCfg = Debug|Any CPU
		{6A68334B-3EBA-4855-B13B-C8B819063DDF}.Debug|Any CPU.Build.0 = Debug|Any CPU
		{6A68334B-3EBA-4855-B13B-C8B819063DDF}.Release|Any CPU.ActiveCfg = Release|Any CPU
		{6A68334B-3EBA-4855-B13B-C8B819063DDF}.Release|Any CPU.Build.0 = Release|Any CPU
	EndGlobalSection
	GlobalSection(SolutionProperties) = preSolution
		HideSolutionNode = FALSE
	EndGlobalSection
EndGlobal
